
Microsoft Visual Studio Solution File, Format Version 12.00
# Visual Studio Version 16
VisualStudioVersion = 16.0.31105.61
MinimumVisualStudioVersion = 10.0.40219.1
Project("{9A19103F-16F7-4668-BE54-9A1E7A4F7556}") = "TODO_API", "TODO_API\TODO_API.csproj", "{9751E06C-4EB9-446E-9EA8-B3B5EC7DD7D8}"
EndProject
Project("{9A19103F-16F7-4668-BE54-9A1E7A4F7556}") = "TODO_WebAPI.Tests", "UnitTests\TODO_WebAPI.Tests\TODO_WebAPI.Tests.csproj", "{0A1968A5-BE46-4E55-9D54-18B610A87D1D}"
EndProject
Global
	GlobalSection(SolutionConfigurationPlatforms) = preSolution
		Debug|Any CPU = Debug|Any CPU
		Release|Any CPU = Release|Any CPU
	EndGlobalSection
	GlobalSection(ProjectConfigurationPlatforms) = postSolution
		{9751E06C-4EB9-446E-9EA8-B3B5EC7DD7D8}.Debug|Any CPU.ActiveCfg = Debug|Any CPU
		{9751E06C-4EB9-446E-9EA8-B3B5EC7DD7D8}.Debug|Any CPU.Build.0 = Debug|Any CPU
		{9751E06C-4EB9-446E-9EA8-B3B5EC7DD7D8}.Release|Any CPU.ActiveCfg = Release|Any CPU
		{9751E06C-4EB9-446E-9EA8-B3B5EC7DD7D8}.Release|Any CPU.Build.0 = Release|Any CPU
		{0A1968A5-BE46-4E55-9D54-18B610A87D1D}.Debug|Any CPU.ActiveCfg = Debug|Any CPU
		{0A1968A5-BE46-4E55-9D54-18B610A87D1D}.Debug|Any CPU.Build.0 = Debug|Any CPU
		{0A1968A5-BE46-4E55-9D54-18B610A87D1D}.Release|Any CPU.ActiveCfg = Release|Any CPU
		{0A1968A5-BE46-4E55-9D54-18B610A87D1D}.Release|Any CPU.Build.0 = Release|Any CPU
	EndGlobalSection
	GlobalSection(SolutionProperties) = preSolution
		HideSolutionNode = FALSE
	EndGlobalSection
	GlobalSection(ExtensibilityGlobals) = postSolution
		SolutionGuid = {75D538DA-D647-4594-AEA5-49BC3B6899DE}
	EndGlobalSection
EndGlobal
